
Microsoft Visual Studio Solution File, Format Version 12.00
# Visual Studio Version 18
VisualStudioVersion = 18.0.11205.157 d18.0
MinimumVisualStudioVersion = 10.0.40219.1
Project("{FAE04EC0-301F-11D3-BF4B-00C04F79EFBC}") = "Mil.Paperwork.Tests", "Mil.Paperwork.Tests\Mil.Paperwork.Tests.csproj", "{4ED8D630-3BBD-4744-A9A8-71B705589383}"
EndProject
Project("{FAE04EC0-301F-11D3-BF4B-00C04F79EFBC}") = "Mil.Paperwork.Infrastructure", "Mil.Paperwork.Infrastructure\Mil.Paperwork.Infrastructure.csproj", "{01797B6A-0FDB-48B0-96D1-9CEF71A781DB}"
EndProject
Project("{2150E333-8FDC-42A3-9474-1A3956D46DE8}") = "Solution Items", "Solution Items", "{02EA681E-C7D8-13C7-8484-4AC65E1B71E8}"
	ProjectSection(SolutionItems) = preProject
		.editorconfig = .editorconfig
		.gitignore = .gitignore
	EndProjectSection
EndProject
Project("{FAE04EC0-301F-11D3-BF4B-00C04F79EFBC}") = "Mil.Paperwork.Domain", "Mil.Paperwork.Domain\Mil.Paperwork.Domain.csproj", "{660EA66C-A38F-4FC6-2E01-D4D883A2A853}"
EndProject
Project("{C7167F0D-BC9F-4E6E-AFE1-012C56B48DB5}") = "Mil.Paperwork.Package", "Mil.Paperwork.Package\Mil.Paperwork.Package.wapproj", "{970D9604-0535-4A29-AF67-6865CDFE7E25}"
EndProject
Project("{FAE04EC0-301F-11D3-BF4B-00C04F79EFBC}") = "Mil.Paperwork.UI", "Mil.Paperwork.UI\Mil.Paperwork.UI.csproj", "{C3C45B83-56D2-4281-9AAE-CE5A9F289C61}"
EndProject
Project("{FAE04EC0-301F-11D3-BF4B-00C04F79EFBC}") = "Mil.Paperwork.Common", "Mil.Paperwork.Common\Mil.Paperwork.Common.csproj", "{EA9E69A6-A507-427D-9377-5668FBF1F739}"
EndProject
Global
	GlobalSection(SolutionConfigurationPlatforms) = preSolution
		Debug|Any CPU = Debug|Any CPU
		Debug|ARM = Debug|ARM
		Debug|ARM64 = Debug|ARM64
		Debug|x64 = Debug|x64
		Debug|x86 = Debug|x86
		Release|Any CPU = Release|Any CPU
		Release|ARM = Release|ARM
		Release|ARM64 = Release|ARM64
		Release|x64 = Release|x64
		Release|x86 = Release|x86
	EndGlobalSection
	GlobalSection(ProjectConfigurationPlatforms) = postSolution
		{4ED8D630-3BBD-4744-A9A8-71B705589383}.Debug|Any CPU.ActiveCfg = Debug|Any CPU
		{4ED8D630-3BBD-4744-A9A8-71B705589383}.Debug|Any CPU.Build.0 = Debug|Any CPU
		{4ED8D630-3BBD-4744-A9A8-71B705589383}.Debug|ARM.ActiveCfg = Debug|Any CPU
		{4ED8D630-3BBD-4744-A9A8-71B705589383}.Debug|ARM.Build.0 = Debug|Any CPU
		{4ED8D630-3BBD-4744-A9A8-71B705589383}.Debug|ARM64.ActiveCfg = Debug|Any CPU
		{4ED8D630-3BBD-4744-A9A8-71B705589383}.Debug|ARM64.Build.0 = Debug|Any CPU
		{4ED8D630-3BBD-4744-A9A8-71B705589383}.Debug|x64.ActiveCfg = Debug|x64
		{4ED8D630-3BBD-4744-A9A8-71B705589383}.Debug|x64.Build.0 = Debug|x64
		{4ED8D630-3BBD-4744-A9A8-71B705589383}.Debug|x86.ActiveCfg = Debug|x86
		{4ED8D630-3BBD-4744-A9A8-71B705589383}.Debug|x86.Build.0 = Debug|x86
		{4ED8D630-3BBD-4744-A9A8-71B705589383}.Release|Any CPU.ActiveCfg = Release|Any CPU
		{4ED8D630-3BBD-4744-A9A8-71B705589383}.Release|Any CPU.Build.0 = Release|Any CPU
		{4ED8D630-3BBD-4744-A9A8-71B705589383}.Release|ARM.ActiveCfg = Release|Any CPU
		{4ED8D630-3BBD-4744-A9A8-71B705589383}.Release|ARM.Build.0 = Release|Any CPU
		{4ED8D630-3BBD-4744-A9A8-71B705589383}.Release|ARM64.ActiveCfg = Release|Any CPU
		{4ED8D630-3BBD-4744-A9A8-71B705589383}.Release|ARM64.Build.0 = Release|Any CPU
		{4ED8D630-3BBD-4744-A9A8-71B705589383}.Release|x64.ActiveCfg = Release|x64
		{4ED8D630-3BBD-4744-A9A8-71B705589383}.Release|x64.Build.0 = Release|x64
		{4ED8D630-3BBD-4744-A9A8-71B705589383}.Release|x86.ActiveCfg = Release|x86
		{4ED8D630-3BBD-4744-A9A8-71B705589383}.Release|x86.Build.0 = Release|x86
		{01797B6A-0FDB-48B0-96D1-9CEF71A781DB}.Debug|Any CPU.ActiveCfg = Debug|Any CPU
		{01797B6A-0FDB-48B0-96D1-9CEF71A781DB}.Debug|Any CPU.Build.0 = Debug|Any CPU
		{01797B6A-0FDB-48B0-96D1-9CEF71A781DB}.Debug|ARM.ActiveCfg = Debug|Any CPU
		{01797B6A-0FDB-48B0-96D1-9CEF71A781DB}.Debug|ARM.Build.0 = Debug|Any CPU
		{01797B6A-0FDB-48B0-96D1-9CEF71A781DB}.Debug|ARM64.ActiveCfg = Debug|Any CPU
		{01797B6A-0FDB-48B0-96D1-9CEF71A781DB}.Debug|ARM64.Build.0 = Debug|Any CPU
		{01797B6A-0FDB-48B0-96D1-9CEF71A781DB}.Debug|x64.ActiveCfg = Debug|x64
		{01797B6A-0FDB-48B0-96D1-9CEF71A781DB}.Debug|x64.Build.0 = Debug|x64
		{01797B6A-0FDB-48B0-96D1-9CEF71A781DB}.Debug|x86.ActiveCfg = Debug|x86
		{01797B6A-0FDB-48B0-96D1-9CEF71A781DB}.Debug|x86.Build.0 = Debug|x86
		{01797B6A-0FDB-48B0-96D1-9CEF71A781DB}.Release|Any CPU.ActiveCfg = Release|Any CPU
		{01797B6A-0FDB-48B0-96D1-9CEF71A781DB}.Release|Any CPU.Build.0 = Release|Any CPU
		{01797B6A-0FDB-48B0-96D1-9CEF71A781DB}.Release|ARM.ActiveCfg = Release|Any CPU
		{01797B6A-0FDB-48B0-96D1-9CEF71A781DB}.Release|ARM.Build.0 = Release|Any CPU
		{01797B6A-0FDB-48B0-96D1-9CEF71A781DB}.Release|ARM64.ActiveCfg = Release|Any CPU
		{01797B6A-0FDB-48B0-96D1-9CEF71A781DB}.Release|ARM64.Build.0 = Release|Any CPU
		{01797B6A-0FDB-48B0-96D1-9CEF71A781DB}.Release|x64.ActiveCfg = Release|x64
		{01797B6A-0FDB-48B0-96D1-9CEF71A781DB}.Release|x64.Build.0 = Release|x64
		{01797B6A-0FDB-48B0-96D1-9CEF71A781DB}.Release|x86.ActiveCfg = Release|x86
		{01797B6A-0FDB-48B0-96D1-9CEF71A781DB}.Release|x86.Build.0 = Release|x86
		{660EA66C-A38F-4FC6-2E01-D4D883A2A853}.Debug|Any CPU.ActiveCfg = Debug|Any CPU
		{660EA66C-A38F-4FC6-2E01-D4D883A2A853}.Debug|Any CPU.Build.0 = Debug|Any CPU
		{660EA66C-A38F-4FC6-2E01-D4D883A2A853}.Debug|ARM.ActiveCfg = Debug|Any CPU
		{660EA66C-A38F-4FC6-2E01-D4D883A2A853}.Debug|ARM.Build.0 = Debug|Any CPU
		{660EA66C-A38F-4FC6-2E01-D4D883A2A853}.Debug|ARM64.ActiveCfg = Debug|Any CPU
		{660EA66C-A38F-4FC6-2E01-D4D883A2A853}.Debug|ARM64.Build.0 = Debug|Any CPU
		{660EA66C-A38F-4FC6-2E01-D4D883A2A853}.Debug|x64.ActiveCfg = Debug|x64
		{660EA66C-A38F-4FC6-2E01-D4D883A2A853}.Debug|x64.Build.0 = Debug|x64
		{660EA66C-A38F-4FC6-2E01-D4D883A2A853}.Debug|x86.ActiveCfg = Debug|x86
		{660EA66C-A38F-4FC6-2E01-D4D883A2A853}.Debug|x86.Build.0 = Debug|x86
		{660EA66C-A38F-4FC6-2E01-D4D883A2A853}.Release|Any CPU.ActiveCfg = Release|Any CPU
		{660EA66C-A38F-4FC6-2E01-D4D883A2A853}.Release|Any CPU.Build.0 = Release|Any CPU
		{660EA66C-A38F-4FC6-2E01-D4D883A2A853}.Release|ARM.ActiveCfg = Release|Any CPU
		{660EA66C-A38F-4FC6-2E01-D4D883A2A853}.Release|ARM.Build.0 = Release|Any CPU
		{660EA66C-A38F-4FC6-2E01-D4D883A2A853}.Release|ARM64.ActiveCfg = Release|Any CPU
		{660EA66C-A38F-4FC6-2E01-D4D883A2A853}.Release|ARM64.Build.0 = Release|Any CPU
		{660EA66C-A38F-4FC6-2E01-D4D883A2A853}.Release|x64.ActiveCfg = Release|x64
		{660EA66C-A38F-4FC6-2E01-D4D883A2A853}.Release|x64.Build.0 = Release|x64
		{660EA66C-A38F-4FC6-2E01-D4D883A2A853}.Release|x86.ActiveCfg = Release|x86
		{660EA66C-A38F-4FC6-2E01-D4D883A2A853}.Release|x86.Build.0 = Release|x86
		{970D9604-0535-4A29-AF67-6865CDFE7E25}.Debug|Any CPU.ActiveCfg = Debug|Any CPU
		{970D9604-0535-4A29-AF67-6865CDFE7E25}.Debug|Any CPU.Build.0 = Debug|Any CPU
		{970D9604-0535-4A29-AF67-6865CDFE7E25}.Debug|Any CPU.Deploy.0 = Debug|Any CPU
		{970D9604-0535-4A29-AF67-6865CDFE7E25}.Debug|ARM.ActiveCfg = Debug|ARM
		{970D9604-0535-4A29-AF67-6865CDFE7E25}.Debug|ARM.Build.0 = Debug|ARM
		{970D9604-0535-4A29-AF67-6865CDFE7E25}.Debug|ARM64.ActiveCfg = Debug|ARM64
		{970D9604-0535-4A29-AF67-6865CDFE7E25}.Debug|ARM64.Build.0 = Debug|ARM64
		{970D9604-0535-4A29-AF67-6865CDFE7E25}.Debug|x64.ActiveCfg = Debug|x64
		{970D9604-0535-4A29-AF67-6865CDFE7E25}.Debug|x64.Build.0 = Debug|x64
		{970D9604-0535-4A29-AF67-6865CDFE7E25}.Debug|x64.Deploy.0 = Debug|x64
		{970D9604-0535-4A29-AF67-6865CDFE7E25}.Debug|x86.ActiveCfg = Debug|x86
		{970D9604-0535-4A29-AF67-6865CDFE7E25}.Debug|x86.Build.0 = Debug|x86
		{970D9604-0535-4A29-AF67-6865CDFE7E25}.Debug|x86.Deploy.0 = Debug|x86
		{970D9604-0535-4A29-AF67-6865CDFE7E25}.Release|Any CPU.ActiveCfg = Release|Any CPU
		{970D9604-0535-4A29-AF67-6865CDFE7E25}.Release|Any CPU.Build.0 = Release|Any CPU
		{970D9604-0535-4A29-AF67-6865CDFE7E25}.Release|Any CPU.Deploy.0 = Release|Any CPU
		{970D9604-0535-4A29-AF67-6865CDFE7E25}.Release|ARM.ActiveCfg = Release|ARM
		{970D9604-0535-4A29-AF67-6865CDFE7E25}.Release|ARM.Build.0 = Release|ARM
		{970D9604-0535-4A29-AF67-6865CDFE7E25}.Release|ARM64.ActiveCfg = Release|ARM64
		{970D9604-0535-4A29-AF67-6865CDFE7E25}.Release|ARM64.Build.0 = Release|ARM64
		{970D9604-0535-4A29-AF67-6865CDFE7E25}.Release|x64.ActiveCfg = Release|x64
		{970D9604-0535-4A29-AF67-6865CDFE7E25}.Release|x64.Build.0 = Release|x64
		{970D9604-0535-4A29-AF67-6865CDFE7E25}.Release|x64.Deploy.0 = Release|x64
		{970D9604-0535-4A29-AF67-6865CDFE7E25}.Release|x86.ActiveCfg = Release|x86
		{970D9604-0535-4A29-AF67-6865CDFE7E25}.Release|x86.Build.0 = Release|x86
		{970D9604-0535-4A29-AF67-6865CDFE7E25}.Release|x86.Deploy.0 = Release|x86
		{C3C45B83-56D2-4281-9AAE-CE5A9F289C61}.Debug|Any CPU.ActiveCfg = Debug|Any CPU
		{C3C45B83-56D2-4281-9AAE-CE5A9F289C61}.Debug|Any CPU.Build.0 = Debug|Any CPU
		{C3C45B83-56D2-4281-9AAE-CE5A9F289C61}.Debug|ARM.ActiveCfg = Debug|Any CPU
		{C3C45B83-56D2-4281-9AAE-CE5A9F289C61}.Debug|ARM.Build.0 = Debug|Any CPU
		{C3C45B83-56D2-4281-9AAE-CE5A9F289C61}.Debug|ARM64.ActiveCfg = Debug|Any CPU
		{C3C45B83-56D2-4281-9AAE-CE5A9F289C61}.Debug|ARM64.Build.0 = Debug|Any CPU
		{C3C45B83-56D2-4281-9AAE-CE5A9F289C61}.Debug|x64.ActiveCfg = Debug|Any CPU
		{C3C45B83-56D2-4281-9AAE-CE5A9F289C61}.Debug|x64.Build.0 = Debug|Any CPU
		{C3C45B83-56D2-4281-9AAE-CE5A9F289C61}.Debug|x86.ActiveCfg = Debug|Any CPU
		{C3C45B83-56D2-4281-9AAE-CE5A9F289C61}.Debug|x86.Build.0 = Debug|Any CPU
		{C3C45B83-56D2-4281-9AAE-CE5A9F289C61}.Release|Any CPU.ActiveCfg = Release|Any CPU
		{C3C45B83-56D2-4281-9AAE-CE5A9F289C61}.Release|Any CPU.Build.0 = Release|Any CPU
		{C3C45B83-56D2-4281-9AAE-CE5A9F289C61}.Release|ARM.ActiveCfg = Release|Any CPU
		{C3C45B83-56D2-4281-9AAE-CE5A9F289C61}.Release|ARM.Build.0 = Release|Any CPU
		{C3C45B83-56D2-4281-9AAE-CE5A9F289C61}.Release|ARM64.ActiveCfg = Release|Any CPU
		{C3C45B83-56D2-4281-9AAE-CE5A9F289C61}.Release|ARM64.Build.0 = Release|Any CPU
		{C3C45B83-56D2-4281-9AAE-CE5A9F289C61}.Release|x64.ActiveCfg = Release|Any CPU
		{C3C45B83-56D2-4281-9AAE-CE5A9F289C61}.Release|x64.Build.0 = Release|Any CPU
		{C3C45B83-56D2-4281-9AAE-CE5A9F289C61}.Release|x86.ActiveCfg = Release|Any CPU
		{C3C45B83-56D2-4281-9AAE-CE5A9F289C61}.Release|x86.Build.0 = Release|Any CPU
		{EA9E69A6-A507-427D-9377-5668FBF1F739}.Debug|Any CPU.ActiveCfg = Debug|Any CPU
		{EA9E69A6-A507-427D-9377-5668FBF1F739}.Debug|Any CPU.Build.0 = Debug|Any CPU
		{EA9E69A6-A507-427D-9377-5668FBF1F739}.Debug|ARM.ActiveCfg = Debug|Any CPU
		{EA9E69A6-A507-427D-9377-5668FBF1F739}.Debug|ARM.Build.0 = Debug|Any CPU
		{EA9E69A6-A507-427D-9377-5668FBF1F739}.Debug|ARM64.ActiveCfg = Debug|Any CPU
		{EA9E69A6-A507-427D-9377-5668FBF1F739}.Debug|ARM64.Build.0 = Debug|Any CPU
		{EA9E69A6-A507-427D-9377-5668FBF1F739}.Debug|x64.ActiveCfg = Debug|Any CPU
		{EA9E69A6-A507-427D-9377-5668FBF1F739}.Debug|x64.Build.0 = Debug|Any CPU
		{EA9E69A6-A507-427D-9377-5668FBF1F739}.Debug|x86.ActiveCfg = Debug|Any CPU
		{EA9E69A6-A507-427D-9377-5668FBF1F739}.Debug|x86.Build.0 = Debug|Any CPU
		{EA9E69A6-A507-427D-9377-5668FBF1F739}.Release|Any CPU.ActiveCfg = Release|Any CPU
		{EA9E69A6-A507-427D-9377-5668FBF1F739}.Release|Any CPU.Build.0 = Release|Any CPU
		{EA9E69A6-A507-427D-9377-5668FBF1F739}.Release|ARM.ActiveCfg = Release|Any CPU
		{EA9E69A6-A507-427D-9377-5668FBF1F739}.Release|ARM.Build.0 = Release|Any CPU
		{EA9E69A6-A507-427D-9377-5668FBF1F739}.Release|ARM64.ActiveCfg = Release|Any CPU
		{EA9E69A6-A507-427D-9377-5668FBF1F739}.Release|ARM64.Build.0 = Release|Any CPU
		{EA9E69A6-A507-427D-9377-5668FBF1F739}.Release|x64.ActiveCfg = Release|Any CPU
		{EA9E69A6-A507-427D-9377-5668FBF1F739}.Release|x64.Build.0 = Release|Any CPU
		{EA9E69A6-A507-427D-9377-5668FBF1F739}.Release|x86.ActiveCfg = Release|Any CPU
		{EA9E69A6-A507-427D-9377-5668FBF1F739}.Release|x86.Build.0 = Release|Any CPU
	EndGlobalSection
	GlobalSection(SolutionProperties) = preSolution
		HideSolutionNode = FALSE
	EndGlobalSection
	GlobalSection(ExtensibilityGlobals) = postSolution
		SolutionGuid = {5732A908-5227-46CA-B159-DE69261A81A9}
	EndGlobalSection
EndGlobal
